
Microsoft Visual Studio Solution File, Format Version 12.00
# Visual Studio Version 17
VisualStudioVersion = 17.13.35825.156
MinimumVisualStudioVersion = 10.0.40219.1
Project("{FAE04EC0-301F-11D3-BF4B-00C04F79EFBC}") = "FruitCatcher", "FruitCatcher\FruitCatcher.csproj", "{AC1C34AC-FE4D-494A-9F56-B723E6EBE0E2}"
EndProject
Global
	GlobalSection(SolutionConfigurationPlatforms) = preSolution
		Debug|Any CPU = Debug|Any CPU
		Release|Any CPU = Release|Any CPU
	EndGlobalSection
	GlobalSection(ProjectConfigurationPlatforms) = postSolution
		{AC1C34AC-FE4D-494A-9F56-B723E6EBE0E2}.Debug|Any CPU.ActiveCfg = Debug|Any CPU
		{AC1C34AC-FE4D-494A-9F56-B723E6EBE0E2}.Debug|Any CPU.Build.0 = Debug|Any CPU
		{AC1C34AC-FE4D-494A-9F56-B723E6EBE0E2}.Release|Any CPU.ActiveCfg = Release|Any CPU
		{AC1C34AC-FE4D-494A-9F56-B723E6EBE0E2}.Release|Any CPU.Build.0 = Release|Any CPU
	EndGlobalSection
	GlobalSection(SolutionProperties) = preSolution
		HideSolutionNode = FALSE
	EndGlobalSection
	GlobalSection(ExtensibilityGlobals) = postSolution
		SolutionGuid = {ED088398-FA5B-41FE-8EF7-BB2892480A9F}
	EndGlobalSection
EndGlobal
